// !$*UTF8*$!
{
	archiveVersion = 1;
	classes = {
	};
	objectVersion = 46;
	objects = {

/* Begin PBXBuildFile section */
		0A5DA0B7480A23954C51D7B0 /* Pods_Tumblr_Feed.framework in Frameworks */ = {isa = PBXBuildFile; fileRef = BF0FC6CBBC760CE00A8E46F8 /* Pods_Tumblr_Feed.framework */; };
		49078F171EDE0AF000C1880C /* PhotosViewController.swift in Sources */ = {isa = PBXBuildFile; fileRef = 49078F161EDE0AF000C1880C /* PhotosViewController.swift */; };
		49078F191EDE0E2900C1880C /* PhotoCell.swift in Sources */ = {isa = PBXBuildFile; fileRef = 49078F181EDE0E2900C1880C /* PhotoCell.swift */; };
		49B42A3B1EDE04FC0095EAB2 /* AppDelegate.swift in Sources */ = {isa = PBXBuildFile; fileRef = 49B42A3A1EDE04FC0095EAB2 /* AppDelegate.swift */; };
		49B42A401EDE04FC0095EAB2 /* Main.storyboard in Resources */ = {isa = PBXBuildFile; fileRef = 49B42A3E1EDE04FC0095EAB2 /* Main.storyboard */; };
		49B42A421EDE04FC0095EAB2 /* Assets.xcassets in Resources */ = {isa = PBXBuildFile; fileRef = 49B42A411EDE04FC0095EAB2 /* Assets.xcassets */; };
		49B42A451EDE04FC0095EAB2 /* LaunchScreen.storyboard in Resources */ = {isa = PBXBuildFile; fileRef = 49B42A431EDE04FC0095EAB2 /* LaunchScreen.storyboard */; };
/* End PBXBuildFile section */

/* Begin PBXFileReference section */
		49078F161EDE0AF000C1880C /* PhotosViewController.swift */ = {isa = PBXFileReference; fileEncoding = 4; lastKnownFileType = sourcecode.swift; path = PhotosViewController.swift; sourceTree = "<group>"; };
		49078F181EDE0E2900C1880C /* PhotoCell.swift */ = {isa = PBXFileReference; fileEncoding = 4; lastKnownFileType = sourcecode.swift; path = PhotoCell.swift; sourceTree = "<group>"; };
		49B42A371EDE04FC0095EAB2 /* Tumblr Feed.app */ = {isa = PBXFileReference; explicitFileType = wrapper.application; includeInIndex = 0; path = "Tumblr Feed.app"; sourceTree = BUILT_PRODUCTS_DIR; };
		49B42A3A1EDE04FC0095EAB2 /* AppDelegate.swift */ = {isa = PBXFileReference; lastKnownFileType = sourcecode.swift; path = AppDelegate.swift; sourceTree = "<group>"; };
		49B42A3F1EDE04FC0095EAB2 /* Base */ = {isa = PBXFileReference; lastKnownFileType = file.storyboard; name = Base; path = Base.lproj/Main.storyboard; sourceTree = "<group>"; };
		49B42A411EDE04FC0095EAB2 /* Assets.xcassets */ = {isa = PBXFileReference; lastKnownFileType = folder.assetcatalog; path = Assets.xcassets; sourceTree = "<group>"; };
		49B42A441EDE04FC0095EAB2 /* Base */ = {isa = PBXFileReference; lastKnownFileType = file.storyboard; name = Base; path = Base.lproj/LaunchScreen.storyboard; sourceTree = "<group>"; };
		49B42A461EDE04FC0095EAB2 /* Info.plist */ = {isa = PBXFileReference; lastKnownFileType = text.plist.xml; path = Info.plist; sourceTree = "<group>"; };
		50CE591CC1F63BA3CFBA96E9 /* Pods-Tumblr Feed.debug.xcconfig */ = {isa = PBXFileReference; includeInIndex = 1; lastKnownFileType = text.xcconfig; name = "Pods-Tumblr Feed.debug.xcconfig"; path = "Pods/Target Support Files/Pods-Tumblr Feed/Pods-Tumblr Feed.debug.xcconfig"; sourceTree = "<group>"; };
		BF0FC6CBBC760CE00A8E46F8 /* Pods_Tumblr_Feed.framework */ = {isa = PBXFileReference; explicitFileType = wrapper.framework; includeInIndex = 0; path = Pods_Tumblr_Feed.framework; sourceTree = BUILT_PRODUCTS_DIR; };
		E988F0637D28AEC73D4D2F34 /* Pods-Tumblr Feed.release.xcconfig */ = {isa = PBXFileReference; includeInIndex = 1; lastKnownFileType = text.xcconfig; name = "Pods-Tumblr Feed.release.xcconfig"; path = "Pods/Target Support Files/Pods-Tumblr Feed/Pods-Tumblr Feed.release.xcconfig"; sourceTree = "<group>"; };
/* End PBXFileReference section */

/* Begin PBXFrameworksBuildPhase section */
		49B42A341EDE04FC0095EAB2 /* Frameworks */ = {
			isa = PBXFrameworksBuildPhase;
			buildActionMask = 2147483647;
			files = (
				0A5DA0B7480A23954C51D7B0 /* Pods_Tumblr_Feed.framework in Frameworks */,
			);
			runOnlyForDeploymentPostprocessing = 0;
		};
/* End PBXFrameworksBuildPhase section */

/* Begin PBXGroup section */
		1E487E253BEDBA59E9DDB953 /* Frameworks */ = {
			isa = PBXGroup;
			children = (
				BF0FC6CBBC760CE00A8E46F8 /* Pods_Tumblr_Feed.framework */,
			);
			name = Frameworks;
			sourceTree = "<group>";
		};
		49B42A2E1EDE04FC0095EAB2 = {
			isa = PBXGroup;
			children = (
				49B42A391EDE04FC0095EAB2 /* Tumblr Feed */,
				49B42A381EDE04FC0095EAB2 /* Products */,
				7DF03D2055BE49277F9859AE /* Pods */,
				1E487E253BEDBA59E9DDB953 /* Frameworks */,
			);
			sourceTree = "<group>";
		};
		49B42A381EDE04FC0095EAB2 /* Products */ = {
			isa = PBXGroup;
			children = (
				49B42A371EDE04FC0095EAB2 /* Tumblr Feed.app */,
			);
			name = Products;
			sourceTree = "<group>";
		};
		49B42A391EDE04FC0095EAB2 /* Tumblr Feed */ = {
			isa = PBXGroup;
			children = (
				49B42A3A1EDE04FC0095EAB2 /* AppDelegate.swift */,
				49B42A3E1EDE04FC0095EAB2 /* Main.storyboard */,
				49B42A411EDE04FC0095EAB2 /* Assets.xcassets */,
				49B42A431EDE04FC0095EAB2 /* LaunchScreen.storyboard */,
				49B42A461EDE04FC0095EAB2 /* Info.plist */,
				49078F161EDE0AF000C1880C /* PhotosViewController.swift */,
				49078F181EDE0E2900C1880C /* PhotoCell.swift */,
			);
			path = "Tumblr Feed";
			sourceTree = "<group>";
		};
		7DF03D2055BE49277F9859AE /* Pods */ = {
			isa = PBXGroup;
			children = (
				50CE591CC1F63BA3CFBA96E9 /* Pods-Tumblr Feed.debug.xcconfig */,
				E988F0637D28AEC73D4D2F34 /* Pods-Tumblr Feed.release.xcconfig */,
			);
			name = Pods;
			sourceTree = "<group>";
		};
/* End PBXGroup section */

/* Begin PBXNativeTarget section */
		49B42A361EDE04FC0095EAB2 /* Tumblr Feed */ = {
			isa = PBXNativeTarget;
			buildConfigurationList = 49B42A491EDE04FC0095EAB2 /* Build configuration list for PBXNativeTarget "Tumblr Feed" */;
			buildPhases = (
				993C7C2DEB031E23C3A495F9 /* [CP] Check Pods Manifest.lock */,
				49B42A331EDE04FC0095EAB2 /* Sources */,
				49B42A341EDE04FC0095EAB2 /* Frameworks */,
				49B42A351EDE04FC0095EAB2 /* Resources */,
				EC7AE25D6A0E4B10C99C6DDB /* [CP] Embed Pods Frameworks */,
				5887C25E16A9ED25562C71FC /* [CP] Copy Pods Resources */,
			);
			buildRules = (
			);
			dependencies = (
			);
			name = "Tumblr Feed";
			productName = "Tumblr Feed";
			productReference = 49B42A371EDE04FC0095EAB2 /* Tumblr Feed.app */;
			productType = "com.apple.product-type.application";
		};
/* End PBXNativeTarget section */

/* Begin PBXProject section */
		49B42A2F1EDE04FC0095EAB2 /* Project object */ = {
			isa = PBXProject;
			attributes = {
				LastSwiftUpdateCheck = 0830;
				LastUpgradeCheck = 0830;
				ORGANIZATIONNAME = "John Zoldos";
				TargetAttributes = {
					49B42A361EDE04FC0095EAB2 = {
						CreatedOnToolsVersion = 8.3.2;
						ProvisioningStyle = Automatic;
					};
				};
			};
			buildConfigurationList = 49B42A321EDE04FC0095EAB2 /* Build configuration list for PBXProject "Tumblr Feed" */;
			compatibilityVersion = "Xcode 3.2";
			developmentRegion = English;
			hasScannedForEncodings = 0;
			knownRegions = (
				en,
				Base,
			);
			mainGroup = 49B42A2E1EDE04FC0095EAB2;
			productRefGroup = 49B42A381EDE04FC0095EAB2 /* Products */;
			projectDirPath = "";
			projectRoot = "";
			targets = (
				49B42A361EDE04FC0095EAB2 /* Tumblr Feed */,
			);
		};
/* End PBXProject section */

/* Begin PBXResourcesBuildPhase section */
		49B42A351EDE04FC0095EAB2 /* Resources */ = {
			isa = PBXResourcesBuildPhase;
			buildActionMask = 2147483647;
			files = (
				49B42A451EDE04FC0095EAB2 /* LaunchScreen.storyboard in Resources */,
				49B42A421EDE04FC0095EAB2 /* Assets.xcassets in Resources */,
				49B42A401EDE04FC0095EAB2 /* Main.storyboard in Resources */,
			);
			runOnlyForDeploymentPostprocessing = 0;
		};
/* End PBXResourcesBuildPhase section */

/* Begin PBXShellScriptBuildPhase section */
		5887C25E16A9ED25562C71FC /* [CP] Copy Pods Resources */ = {
			isa = PBXShellScriptBuildPhase;
			buildActionMask = 2147483647;
			files = (
			);
			inputPaths = (
			);
			name = "[CP] Copy Pods Resources";
			outputPaths = (
			);
			runOnlyForDeploymentPostprocessing = 0;
			shellPath = /bin/sh;
			shellScript = "\"${SRCROOT}/Pods/Target Support Files/Pods-Tumblr Feed/Pods-Tumblr Feed-resources.sh\"\n";
			showEnvVarsInLog = 0;
		};
		993C7C2DEB031E23C3A495F9 /* [CP] Check Pods Manifest.lock */ = {
			isa = PBXShellScriptBuildPhase;
			buildActionMask = 2147483647;
			files = (
			);
			inputPaths = (
			);
			name = "[CP] Check Pods Manifest.lock";
			outputPaths = (
			);
			runOnlyForDeploymentPostprocessing = 0;
			shellPath = /bin/sh;
			shellScript = "diff \"${PODS_PODFILE_DIR_PATH}/Podfile.lock\" \"${PODS_ROOT}/Manifest.lock\" > /dev/null\nif [ $? != 0 ] ; then\n    # print error to STDERR\n    echo \"error: The sandbox is not in sync with the Podfile.lock. Run 'pod install' or update your CocoaPods installation.\" >&2\n    exit 1\nfi\n";
			showEnvVarsInLog = 0;
		};
		EC7AE25D6A0E4B10C99C6DDB /* [CP] Embed Pods Frameworks */ = {
			isa = PBXShellScriptBuildPhase;
			buildActionMask = 2147483647;
			files = (
			);
			inputPaths = (
			);
			name = "[CP] Embed Pods Frameworks";
			outputPaths = (
			);
			runOnlyForDeploymentPostprocessing = 0;
			shellPath = /bin/sh;
			shellScript = "\"${SRCROOT}/Pods/Target Support Files/Pods-Tumblr Feed/Pods-Tumblr Feed-frameworks.sh\"\n";
			showEnvVarsInLog = 0;
		};
/* End PBXShellScriptBuildPhase section */

/* Begin PBXSourcesBuildPhase section */
		49B42A331EDE04FC0095EAB2 /* Sources */ = {
			isa = PBXSourcesBuildPhase;
			buildActionMask = 2147483647;
			files = (
				49B42A3B1EDE04FC0095EAB2 /* AppDelegate.swift in Sources */,
				49078F191EDE0E2900C1880C /* PhotoCell.swift in Sources */,
				49078F171EDE0AF000C1880C /* PhotosViewController.swift in Sources */,
			);
			runOnlyForDeploymentPostprocessing = 0;
		};
/* End PBXSourcesBuildPhase section */

/* Begin PBXVariantGroup section */
		49B42A3E1EDE04FC0095EAB2 /* Main.storyboard */ = {
			isa = PBXVariantGroup;
			children = (
				49B42A3F1EDE04FC0095EAB2 /* Base */,
			);
			name = Main.storyboard;
			sourceTree = "<group>";
		};
		49B42A431EDE04FC0095EAB2 /* LaunchScreen.storyboard */ = {
			isa = PBXVariantGroup;
			children = (
				49B42A441EDE04FC0095EAB2 /* Base */,
			);
			name = LaunchScreen.storyboard;
			sourceTree = "<group>";
		};
/* End PBXVariantGroup section */

/* Begin XCBuildConfiguration section */
		49B42A471EDE04FC0095EAB2 /* Debug */ = {
			isa = XCBuildConfiguration;
			buildSettings = {
				ALWAYS_SEARCH_USER_PATHS = NO;
				CLANG_ANALYZER_NONNULL = YES;
				CLANG_ANALYZER_NUMBER_OBJECT_CONVERSION = YES_AGGRESSIVE;
				CLANG_CXX_LANGUAGE_STANDARD = "gnu++0x";
				CLANG_CXX_LIBRARY = "libc++";
				CLANG_ENABLE_MODULES = YES;
				CLANG_ENABLE_OBJC_ARC = YES;
				CLANG_WARN_BOOL_CONVERSION = YES;
				CLANG_WARN_CONSTANT_CONVERSION = YES;
				CLANG_WARN_DIRECT_OBJC_ISA_USAGE = YES_ERROR;
				CLANG_WARN_DOCUMENTATION_COMMENTS = YES;
				CLANG_WARN_EMPTY_BODY = YES;
				CLANG_WARN_ENUM_CONVERSION = YES;
				CLANG_WARN_INFINITE_RECURSION = YES;
				CLANG_WARN_INT_CONVERSION = YES;
				CLANG_WARN_OBJC_ROOT_CLASS = YES_ERROR;
				CLANG_WARN_SUSPICIOUS_MOVE = YES;
				CLANG_WARN_UNREACHABLE_CODE = YES;
				CLANG_WARN__DUPLICATE_METHOD_MATCH = YES;
				"CODE_SIGN_IDENTITY[sdk=iphoneos*]" = "iPhone Developer";
				COPY_PHASE_STRIP = NO;
				DEBUG_INFORMATION_FORMAT = dwarf;
				ENABLE_STRICT_OBJC_MSGSEND = YES;
				ENABLE_TESTABILITY = YES;
				GCC_C_LANGUAGE_STANDARD = gnu99;
				GCC_DYNAMIC_NO_PIC = NO;
				GCC_NO_COMMON_BLOCKS = YES;
				GCC_OPTIMIZATION_LEVEL = 0;
				GCC_PREPROCESSOR_DEFINITIONS = (
					"DEBUG=1",
					"$(inherited)",
				);
				GCC_WARN_64_TO_32_BIT_CONVERSION = YES;
				GCC_WARN_ABOUT_RETURN_TYPE = YES_ERROR;
				GCC_WARN_UNDECLARED_SELECTOR = YES;
				GCC_WARN_UNINITIALIZED_AUTOS = YES_AGGRESSIVE;
				GCC_WARN_UNUSED_FUNCTION = YES;
				GCC_WARN_UNUSED_VARIABLE = YES;
				IPHONEOS_DEPLOYMENT_TARGET = 10.3;
				MTL_ENABLE_DEBUG_INFO = YES;
				ONLY_ACTIVE_ARCH = YES;
				SDKROOT = iphoneos;
				SWIFT_ACTIVE_COMPILATION_CONDITIONS = DEBUG;
				SWIFT_OPTIMIZATION_LEVEL = "-Onone";
				TARGETED_DEVICE_FAMILY = "1,2";
			};
			name = Debug;
		};
		49B42A481EDE04FC0095EAB2 /* Release */ = {
			isa = XCBuildConfiguration;
			buildSettings = {
				ALWAYS_SEARCH_USER_PATHS = NO;
				CLANG_ANALYZER_NONNULL = YES;
				CLANG_ANALYZER_NUMBER_OBJECT_CONVERSION = YES_AGGRESSIVE;
				CLANG_CXX_LANGUAGE_STANDARD = "gnu++0x";
				CLANG_CXX_LIBRARY = "libc++";
				CLANG_ENABLE_MODULES = YES;
				CLANG_ENABLE_OBJC_ARC = YES;
				CLANG_WARN_BOOL_CONVERSION = YES;
				CLANG_WARN_CONSTANT_CONVERSION = YES;
				CLANG_WARN_DIRECT_OBJC_ISA_USAGE = YES_ERROR;
				CLANG_WARN_DOCUMENTATION_COMMENTS = YES;
				CLANG_WARN_EMPTY_BODY = YES;
				CLANG_WARN_ENUM_CONVERSION = YES;
				CLANG_WARN_INFINITE_RECURSION = YES;
				CLANG_WARN_INT_CONVERSION = YES;
				CLANG_WARN_OBJC_ROOT_CLASS = YES_ERROR;
				CLANG_WARN_SUSPICIOUS_MOVE = YES;
				CLANG_WARN_UNREACHABLE_CODE = YES;
				CLANG_WARN__DUPLICATE_METHOD_MATCH = YES;
				"CODE_SIGN_IDENTITY[sdk=iphoneos*]" = "iPhone Developer";
				COPY_PHASE_STRIP = NO;
				DEBUG_INFORMATION_FORMAT = "dwarf-with-dsym";
				ENABLE_NS_ASSERTIONS = NO;
				ENABLE_STRICT_OBJC_MSGSEND = YES;
				GCC_C_LANGUAGE_STANDARD = gnu99;
				GCC_NO_COMMON_BLOCKS = YES;
				GCC_WARN_64_TO_32_BIT_CONVERSION = YES;
				GCC_WARN_ABOUT_RETURN_TYPE = YES_ERROR;
				GCC_WARN_UNDECLARED_SELECTOR = YES;
				GCC_WARN_UNINITIALIZED_AUTOS = YES_AGGRESSIVE;
				GCC_WARN_UNUSED_FUNCTION = YES;
				GCC_WARN_UNUSED_VARIABLE = YES;
				IPHONEOS_DEPLOYMENT_TARGET = 10.3;
				MTL_ENABLE_DEBUG_INFO = NO;
				SDKROOT = iphoneos;
				SWIFT_OPTIMIZATION_LEVEL = "-Owholemodule";
				TARGETED_DEVICE_FAMILY = "1,2";
				VALIDATE_PRODUCT = YES;
			};
			name = Release;
		};
		49B42A4A1EDE04FC0095EAB2 /* Debug */ = {
			isa = XCBuildConfiguration;
			baseConfigurationReference = 50CE591CC1F63BA3CFBA96E9 /* Pods-Tumblr Feed.debug.xcconfig */;
			buildSettings = {
				ASSETCATALOG_COMPILER_APPICON_NAME = AppIcon;
				INFOPLIST_FILE = "Tumblr Feed/Info.plist";
				LD_RUNPATH_SEARCH_PATHS = "$(inherited) @executable_path/Frameworks";
				PRODUCT_BUNDLE_IDENTIFIER = "com.jzoldos.Tumblr-Feed";
				PRODUCT_NAME = "$(TARGET_NAME)";
				SWIFT_VERSION = 3.0;
			};
			name = Debug;
		};
		49B42A4B1EDE04FC0095EAB2 /* Release */ = {
			isa = XCBuildConfiguration;
			baseConfigurationReference = E988F0637D28AEC73D4D2F34 /* Pods-Tumblr Feed.release.xcconfig */;
			buildSettings = {
				ASSETCATALOG_COMPILER_APPICON_NAME = AppIcon;
				INFOPLIST_FILE = "Tumblr Feed/Info.plist";
				LD_RUNPATH_SEARCH_PATHS = "$(inherited) @executable_path/Frameworks";
				PRODUCT_BUNDLE_IDENTIFIER = "com.jzoldos.Tumblr-Feed";
				PRODUCT_NAME = "$(TARGET_NAME)";
				SWIFT_VERSION = 3.0;
			};
			name = Release;
		};
/* End XCBuildConfiguration section */

/* Begin XCConfigurationList section */
		49B42A321EDE04FC0095EAB2 /* Build configuration list for PBXProject "Tumblr Feed" */ = {
			isa = XCConfigurationList;
			buildConfigurations = (
				49B42A471EDE04FC0095EAB2 /* Debug */,
				49B42A481EDE04FC0095EAB2 /* Release */,
			);
			defaultConfigurationIsVisible = 0;
			defaultConfigurationName = Release;
		};
		49B42A491EDE04FC0095EAB2 /* Build configuration list for PBXNativeTarget "Tumblr Feed" */ = {
			isa = XCConfigurationList;
			buildConfigurations = (
				49B42A4A1EDE04FC0095EAB2 /* Debug */,
				49B42A4B1EDE04FC0095EAB2 /* Release */,
			);
			defaultConfigurationIsVisible = 0;
			defaultConfigurationName = Release;
		};
/* End XCConfigurationList section */
	};
	rootObject = 49B42A2F1EDE04FC0095EAB2 /* Project object */;
}
